
Microsoft Visual Studio Solution File, Format Version 12.00
# Visual Studio Version 16
VisualStudioVersion = 16.0.30621.155
MinimumVisualStudioVersion = 10.0.40219.1
Project("{8BC9CEB8-8B4A-11D0-8D11-00A0C91BC942}") = "CPPFactory", "CPPFactory\CPPFactory.vcxproj", "{0468076F-0586-4C93-9564-3B5A03ED2F19}"
EndProject
Global
	GlobalSection(SolutionConfigurationPlatforms) = preSolution
		Debug|x64 = Debug|x64
		Debug|x86 = Debug|x86
		Release|x64 = Release|x64
		Release|x86 = Release|x86
	EndGlobalSection
	GlobalSection(ProjectConfigurationPlatforms) = postSolution
		{0468076F-0586-4C93-9564-3B5A03ED2F19}.Debug|x64.ActiveCfg = Debug|x64
		{0468076F-0586-4C93-9564-3B5A03ED2F19}.Debug|x64.Build.0 = Debug|x64
		{0468076F-0586-4C93-9564-3B5A03ED2F19}.Debug|x86.ActiveCfg = Debug|Win32
		{0468076F-0586-4C93-9564-3B5A03ED2F19}.Debug|x86.Build.0 = Debug|Win32
		{0468076F-0586-4C93-9564-3B5A03ED2F19}.Release|x64.ActiveCfg = Release|x64
		{0468076F-0586-4C93-9564-3B5A03ED2F19}.Release|x64.Build.0 = Release|x64
		{0468076F-0586-4C93-9564-3B5A03ED2F19}.Release|x86.ActiveCfg = Release|x64
		{0468076F-0586-4C93-9564-3B5A03ED2F19}.Release|x86.Build.0 = Release|x64
	EndGlobalSection
	GlobalSection(SolutionProperties) = preSolution
		HideSolutionNode = FALSE
	EndGlobalSection
	GlobalSection(ExtensibilityGlobals) = postSolution
		SolutionGuid = {73E02AFC-73EB-4338-9464-C0FE38F6C2B2}
	EndGlobalSection
EndGlobal
